// !$*UTF8*$!
{
	archiveVersion = 1;
	classes = {
	};
	objectVersion = 52;
	objects = {

/* Begin PBXBuildFile section */
		ED1D891828A82CA100799AA3 /* LoginApp.swift in Sources */ = {isa = PBXBuildFile; fileRef = ED1D891728A82CA100799AA3 /* LoginApp.swift */; };
		ED1D891A28A82CA100799AA3 /* ContentView.swift in Sources */ = {isa = PBXBuildFile; fileRef = ED1D891928A82CA100799AA3 /* ContentView.swift */; };
		ED1D891C28A82CA200799AA3 /* Assets.xcassets in Resources */ = {isa = PBXBuildFile; fileRef = ED1D891B28A82CA200799AA3 /* Assets.xcassets */; };
		ED1D891F28A82CA200799AA3 /* Preview Assets.xcassets in Resources */ = {isa = PBXBuildFile; fileRef = ED1D891E28A82CA200799AA3 /* Preview Assets.xcassets */; };
		ED1D892C28A84AD200799AA3 /* GoogleService-Info.plist in Resources */ = {isa = PBXBuildFile; fileRef = ED1D892B28A84AD100799AA3 /* GoogleService-Info.plist */; };
		ED1D893028A84BD800799AA3 /* FirebaseAnalytics in Frameworks */ = {isa = PBXBuildFile; productRef = ED1D892F28A84BD800799AA3 /* FirebaseAnalytics */; };
		ED1D893228A84BD800799AA3 /* FirebaseAuth in Frameworks */ = {isa = PBXBuildFile; productRef = ED1D893128A84BD800799AA3 /* FirebaseAuth */; };
		ED1D893428A84BD800799AA3 /* FirebaseFirestore in Frameworks */ = {isa = PBXBuildFile; productRef = ED1D893328A84BD800799AA3 /* FirebaseFirestore */; };
		ED1D893628A84BD800799AA3 /* FirebaseAnalyticsSwift in Frameworks */ = {isa = PBXBuildFile; productRef = ED1D893528A84BD800799AA3 /* FirebaseAnalyticsSwift */; };
		EDBC305C28A930CF0054EE85 /* LoginView.swift in Sources */ = {isa = PBXBuildFile; fileRef = EDBC305B28A930CF0054EE85 /* LoginView.swift */; };
		EDBC306028A941EB0054EE85 /* RegisterView.swift in Sources */ = {isa = PBXBuildFile; fileRef = EDBC305F28A941EB0054EE85 /* RegisterView.swift */; };
		EDBC306328A959990054EE85 /* SecureInputView.swift in Sources */ = {isa = PBXBuildFile; fileRef = EDBC306228A959990054EE85 /* SecureInputView.swift */; };
/* End PBXBuildFile section */

/* Begin PBXFileReference section */
		ED1D891428A82CA100799AA3 /* Login.app */ = {isa = PBXFileReference; explicitFileType = wrapper.application; includeInIndex = 0; path = Login.app; sourceTree = BUILT_PRODUCTS_DIR; };
		ED1D891728A82CA100799AA3 /* LoginApp.swift */ = {isa = PBXFileReference; lastKnownFileType = sourcecode.swift; path = LoginApp.swift; sourceTree = "<group>"; };
		ED1D891928A82CA100799AA3 /* ContentView.swift */ = {isa = PBXFileReference; lastKnownFileType = sourcecode.swift; path = ContentView.swift; sourceTree = "<group>"; };
		ED1D891B28A82CA200799AA3 /* Assets.xcassets */ = {isa = PBXFileReference; lastKnownFileType = folder.assetcatalog; path = Assets.xcassets; sourceTree = "<group>"; };
		ED1D891E28A82CA200799AA3 /* Preview Assets.xcassets */ = {isa = PBXFileReference; lastKnownFileType = folder.assetcatalog; path = "Preview Assets.xcassets"; sourceTree = "<group>"; };
		ED1D892028A82CA200799AA3 /* Info.plist */ = {isa = PBXFileReference; lastKnownFileType = text.plist.xml; path = Info.plist; sourceTree = "<group>"; };
		ED1D892B28A84AD100799AA3 /* GoogleService-Info.plist */ = {isa = PBXFileReference; fileEncoding = 4; lastKnownFileType = text.plist.xml; path = "GoogleService-Info.plist"; sourceTree = "<group>"; };
		EDBC305B28A930CF0054EE85 /* LoginView.swift */ = {isa = PBXFileReference; lastKnownFileType = sourcecode.swift; path = LoginView.swift; sourceTree = "<group>"; };
		EDBC305F28A941EB0054EE85 /* RegisterView.swift */ = {isa = PBXFileReference; lastKnownFileType = sourcecode.swift; path = RegisterView.swift; sourceTree = "<group>"; };
		EDBC306228A959990054EE85 /* SecureInputView.swift */ = {isa = PBXFileReference; lastKnownFileType = sourcecode.swift; path = SecureInputView.swift; sourceTree = "<group>"; };
/* End PBXFileReference section */

/* Begin PBXFrameworksBuildPhase section */
		ED1D891128A82CA100799AA3 /* Frameworks */ = {
			isa = PBXFrameworksBuildPhase;
			buildActionMask = 2147483647;
			files = (
				ED1D893628A84BD800799AA3 /* FirebaseAnalyticsSwift in Frameworks */,
				ED1D893028A84BD800799AA3 /* FirebaseAnalytics in Frameworks */,
				ED1D893228A84BD800799AA3 /* FirebaseAuth in Frameworks */,
				ED1D893428A84BD800799AA3 /* FirebaseFirestore in Frameworks */,
			);
			runOnlyForDeploymentPostprocessing = 0;
		};
/* End PBXFrameworksBuildPhase section */

/* Begin PBXGroup section */
		ED1D890B28A82CA100799AA3 = {
			isa = PBXGroup;
			children = (
				ED1D891628A82CA100799AA3 /* Login */,
				ED1D891528A82CA100799AA3 /* Products */,
			);
			sourceTree = "<group>";
		};
		ED1D891528A82CA100799AA3 /* Products */ = {
			isa = PBXGroup;
			children = (
				ED1D891428A82CA100799AA3 /* Login.app */,
			);
			name = Products;
			sourceTree = "<group>";
		};
		ED1D891628A82CA100799AA3 /* Login */ = {
			isa = PBXGroup;
			children = (
				EDBC305A28A930BB0054EE85 /* Views */,
				ED1D891728A82CA100799AA3 /* LoginApp.swift */,
				ED1D891B28A82CA200799AA3 /* Assets.xcassets */,
				ED1D892028A82CA200799AA3 /* Info.plist */,
				ED1D892B28A84AD100799AA3 /* GoogleService-Info.plist */,
				ED1D891D28A82CA200799AA3 /* Preview Content */,
			);
			path = Login;
			sourceTree = "<group>";
		};
		ED1D891D28A82CA200799AA3 /* Preview Content */ = {
			isa = PBXGroup;
			children = (
				ED1D891E28A82CA200799AA3 /* Preview Assets.xcassets */,
			);
			path = "Preview Content";
			sourceTree = "<group>";
		};
		EDBC305A28A930BB0054EE85 /* Views */ = {
			isa = PBXGroup;
			children = (
				ED1D891928A82CA100799AA3 /* ContentView.swift */,
				EDBC305B28A930CF0054EE85 /* LoginView.swift */,
				EDBC305F28A941EB0054EE85 /* RegisterView.swift */,
				EDBC306228A959990054EE85 /* SecureInputView.swift */,
			);
			path = Views;
			sourceTree = "<group>";
		};
/* End PBXGroup section */

/* Begin PBXNativeTarget section */
		ED1D891328A82CA100799AA3 /* Login */ = {
			isa = PBXNativeTarget;
			buildConfigurationList = ED1D892328A82CA200799AA3 /* Build configuration list for PBXNativeTarget "Login" */;
			buildPhases = (
				ED1D891028A82CA100799AA3 /* Sources */,
				ED1D891128A82CA100799AA3 /* Frameworks */,
				ED1D891228A82CA100799AA3 /* Resources */,
			);
			buildRules = (
			);
			dependencies = (
			);
			name = Login;
			packageProductDependencies = (
				ED1D892F28A84BD800799AA3 /* FirebaseAnalytics */,
				ED1D893128A84BD800799AA3 /* FirebaseAuth */,
				ED1D893328A84BD800799AA3 /* FirebaseFirestore */,
				ED1D893528A84BD800799AA3 /* FirebaseAnalyticsSwift */,
			);
			productName = Login;
			productReference = ED1D891428A82CA100799AA3 /* Login.app */;
			productType = "com.apple.product-type.application";
		};
/* End PBXNativeTarget section */

/* Begin PBXProject section */
		ED1D890C28A82CA100799AA3 /* Project object */ = {
			isa = PBXProject;
			attributes = {
				LastSwiftUpdateCheck = 1240;
				LastUpgradeCheck = 1240;
				TargetAttributes = {
					ED1D891328A82CA100799AA3 = {
						CreatedOnToolsVersion = 12.4;
					};
				};
			};
			buildConfigurationList = ED1D890F28A82CA100799AA3 /* Build configuration list for PBXProject "Login" */;
			compatibilityVersion = "Xcode 9.3";
			developmentRegion = en;
			hasScannedForEncodings = 0;
			knownRegions = (
				en,
				Base,
			);
			mainGroup = ED1D890B28A82CA100799AA3;
			packageReferences = (
				ED1D892E28A84BD800799AA3 /* XCRemoteSwiftPackageReference "firebase-ios-sdk" */,
			);
			productRefGroup = ED1D891528A82CA100799AA3 /* Products */;
			projectDirPath = "";
			projectRoot = "";
			targets = (
				ED1D891328A82CA100799AA3 /* Login */,
			);
		};
/* End PBXProject section */

/* Begin PBXResourcesBuildPhase section */
		ED1D891228A82CA100799AA3 /* Resources */ = {
			isa = PBXResourcesBuildPhase;
			buildActionMask = 2147483647;
			files = (
				ED1D891F28A82CA200799AA3 /* Preview Assets.xcassets in Resources */,
				ED1D892C28A84AD200799AA3 /* GoogleService-Info.plist in Resources */,
				ED1D891C28A82CA200799AA3 /* Assets.xcassets in Resources */,
			);
			runOnlyForDeploymentPostprocessing = 0;
		};
/* End PBXResourcesBuildPhase section */

/* Begin PBXSourcesBuildPhase section */
		ED1D891028A82CA100799AA3 /* Sources */ = {
			isa = PBXSourcesBuildPhase;
			buildActionMask = 2147483647;
			files = (
				EDBC306328A959990054EE85 /* SecureInputView.swift in Sources */,
				EDBC305C28A930CF0054EE85 /* LoginView.swift in Sources */,
				EDBC306028A941EB0054EE85 /* RegisterView.swift in Sources */,
				ED1D891A28A82CA100799AA3 /* ContentView.swift in Sources */,
				ED1D891828A82CA100799AA3 /* LoginApp.swift in Sources */,
			);
			runOnlyForDeploymentPostprocessing = 0;
		};
/* End PBXSourcesBuildPhase section */

/* Begin XCBuildConfiguration section */
		ED1D892128A82CA200799AA3 /* Debug */ = {
			isa = XCBuildConfiguration;
			buildSettings = {
				ALWAYS_SEARCH_USER_PATHS = NO;
				CLANG_ANALYZER_NONNULL = YES;
				CLANG_ANALYZER_NUMBER_OBJECT_CONVERSION = YES_AGGRESSIVE;
				CLANG_CXX_LANGUAGE_STANDARD = "gnu++14";
				CLANG_CXX_LIBRARY = "libc++";
				CLANG_ENABLE_MODULES = YES;
				CLANG_ENABLE_OBJC_ARC = YES;
				CLANG_ENABLE_OBJC_WEAK = YES;
				CLANG_WARN_BLOCK_CAPTURE_AUTORELEASING = YES;
				CLANG_WARN_BOOL_CONVERSION = YES;
				CLANG_WARN_COMMA = YES;
				CLANG_WARN_CONSTANT_CONVERSION = YES;
				CLANG_WARN_DEPRECATED_OBJC_IMPLEMENTATIONS = YES;
				CLANG_WARN_DIRECT_OBJC_ISA_USAGE = YES_ERROR;
				CLANG_WARN_DOCUMENTATION_COMMENTS = YES;
				CLANG_WARN_EMPTY_BODY = YES;
				CLANG_WARN_ENUM_CONVERSION = YES;
				CLANG_WARN_INFINITE_RECURSION = YES;
				CLANG_WARN_INT_CONVERSION = YES;
				CLANG_WARN_NON_LITERAL_NULL_CONVERSION = YES;
				CLANG_WARN_OBJC_IMPLICIT_RETAIN_SELF = YES;
				CLANG_WARN_OBJC_LITERAL_CONVERSION = YES;
				CLANG_WARN_OBJC_ROOT_CLASS = YES_ERROR;
				CLANG_WARN_QUOTED_INCLUDE_IN_FRAMEWORK_HEADER = YES;
				CLANG_WARN_RANGE_LOOP_ANALYSIS = YES;
				CLANG_WARN_STRICT_PROTOTYPES = YES;
				CLANG_WARN_SUSPICIOUS_MOVE = YES;
				CLANG_WARN_UNGUARDED_AVAILABILITY = YES_AGGRESSIVE;
				CLANG_WARN_UNREACHABLE_CODE = YES;
				CLANG_WARN__DUPLICATE_METHOD_MATCH = YES;
				COPY_PHASE_STRIP = NO;
				DEBUG_INFORMATION_FORMAT = dwarf;
				ENABLE_STRICT_OBJC_MSGSEND = YES;
				ENABLE_TESTABILITY = YES;
				GCC_C_LANGUAGE_STANDARD = gnu11;
				GCC_DYNAMIC_NO_PIC = NO;
				GCC_NO_COMMON_BLOCKS = YES;
				GCC_OPTIMIZATION_LEVEL = 0;
				GCC_PREPROCESSOR_DEFINITIONS = (
					"DEBUG=1",
					"$(inherited)",
				);
				GCC_WARN_64_TO_32_BIT_CONVERSION = YES;
				GCC_WARN_ABOUT_RETURN_TYPE = YES_ERROR;
				GCC_WARN_UNDECLARED_SELECTOR = YES;
				GCC_WARN_UNINITIALIZED_AUTOS = YES_AGGRESSIVE;
				GCC_WARN_UNUSED_FUNCTION = YES;
				GCC_WARN_UNUSED_VARIABLE = YES;
				IPHONEOS_DEPLOYMENT_TARGET = 14.4;
				MTL_ENABLE_DEBUG_INFO = INCLUDE_SOURCE;
				MTL_FAST_MATH = YES;
				ONLY_ACTIVE_ARCH = YES;
				SDKROOT = iphoneos;
				SWIFT_ACTIVE_COMPILATION_CONDITIONS = DEBUG;
				SWIFT_OPTIMIZATION_LEVEL = "-Onone";
			};
			name = Debug;
		};
		ED1D892228A82CA200799AA3 /* Release */ = {
			isa = XCBuildConfiguration;
			buildSettings = {
				ALWAYS_SEARCH_USER_PATHS = NO;
				CLANG_ANALYZER_NONNULL = YES;
				CLANG_ANALYZER_NUMBER_OBJECT_CONVERSION = YES_AGGRESSIVE;
				CLANG_CXX_LANGUAGE_STANDARD = "gnu++14";
				CLANG_CXX_LIBRARY = "libc++";
				CLANG_ENABLE_MODULES = YES;
				CLANG_ENABLE_OBJC_ARC = YES;
				CLANG_ENABLE_OBJC_WEAK = YES;
				CLANG_WARN_BLOCK_CAPTURE_AUTORELEASING = YES;
				CLANG_WARN_BOOL_CONVERSION = YES;
				CLANG_WARN_COMMA = YES;
				CLANG_WARN_CONSTANT_CONVERSION = YES;
				CLANG_WARN_DEPRECATED_OBJC_IMPLEMENTATIONS = YES;
				CLANG_WARN_DIRECT_OBJC_ISA_USAGE = YES_ERROR;
				CLANG_WARN_DOCUMENTATION_COMMENTS = YES;
				CLANG_WARN_EMPTY_BODY = YES;
				CLANG_WARN_ENUM_CONVERSION = YES;
				CLANG_WARN_INFINITE_RECURSION = YES;
				CLANG_WARN_INT_CONVERSION = YES;
				CLANG_WARN_NON_LITERAL_NULL_CONVERSION = YES;
				CLANG_WARN_OBJC_IMPLICIT_RETAIN_SELF = YES;
				CLANG_WARN_OBJC_LITERAL_CONVERSION = YES;
				CLANG_WARN_OBJC_ROOT_CLASS = YES_ERROR;
				CLANG_WARN_QUOTED_INCLUDE_IN_FRAMEWORK_HEADER = YES;
				CLANG_WARN_RANGE_LOOP_ANALYSIS = YES;
				CLANG_WARN_STRICT_PROTOTYPES = YES;
				CLANG_WARN_SUSPICIOUS_MOVE = YES;
				CLANG_WARN_UNGUARDED_AVAILABILITY = YES_AGGRESSIVE;
				CLANG_WARN_UNREACHABLE_CODE = YES;
				CLANG_WARN__DUPLICATE_METHOD_MATCH = YES;
				COPY_PHASE_STRIP = NO;
				DEBUG_INFORMATION_FORMAT = "dwarf-with-dsym";
				ENABLE_NS_ASSERTIONS = NO;
				ENABLE_STRICT_OBJC_MSGSEND = YES;
				GCC_C_LANGUAGE_STANDARD = gnu11;
				GCC_NO_COMMON_BLOCKS = YES;
				GCC_WARN_64_TO_32_BIT_CONVERSION = YES;
				GCC_WARN_ABOUT_RETURN_TYPE = YES_ERROR;
				GCC_WARN_UNDECLARED_SELECTOR = YES;
				GCC_WARN_UNINITIALIZED_AUTOS = YES_AGGRESSIVE;
				GCC_WARN_UNUSED_FUNCTION = YES;
				GCC_WARN_UNUSED_VARIABLE = YES;
				IPHONEOS_DEPLOYMENT_TARGET = 14.4;
				MTL_ENABLE_DEBUG_INFO = NO;
				MTL_FAST_MATH = YES;
				SDKROOT = iphoneos;
				SWIFT_COMPILATION_MODE = wholemodule;
				SWIFT_OPTIMIZATION_LEVEL = "-O";
				VALIDATE_PRODUCT = YES;
			};
			name = Release;
		};
		ED1D892428A82CA200799AA3 /* Debug */ = {
			isa = XCBuildConfiguration;
			buildSettings = {
				ASSETCATALOG_COMPILER_APPICON_NAME = AppIcon;
				ASSETCATALOG_COMPILER_GLOBAL_ACCENT_COLOR_NAME = AccentColor;
				CODE_SIGN_STYLE = Automatic;
				DEVELOPMENT_ASSET_PATHS = "\"Login/Preview Content\"";
				DEVELOPMENT_TEAM = 93W537RQ3S;
				ENABLE_PREVIEWS = YES;
				INFOPLIST_FILE = Login/Info.plist;
				IPHONEOS_DEPLOYMENT_TARGET = 14.0;
				LD_RUNPATH_SEARCH_PATHS = (
					"$(inherited)",
					"@executable_path/Frameworks",
				);
				PRODUCT_BUNDLE_IDENTIFIER = com.CloudBased.Login;
				PRODUCT_NAME = "$(TARGET_NAME)";
				SWIFT_VERSION = 5.0;
				TARGETED_DEVICE_FAMILY = "1,2";
			};
			name = Debug;
		};
		ED1D892528A82CA200799AA3 /* Release */ = {
			isa = XCBuildConfiguration;
			buildSettings = {
				ASSETCATALOG_COMPILER_APPICON_NAME = AppIcon;
				ASSETCATALOG_COMPILER_GLOBAL_ACCENT_COLOR_NAME = AccentColor;
				CODE_SIGN_STYLE = Automatic;
				DEVELOPMENT_ASSET_PATHS = "\"Login/Preview Content\"";
				DEVELOPMENT_TEAM = 93W537RQ3S;
				ENABLE_PREVIEWS = YES;
				INFOPLIST_FILE = Login/Info.plist;
				IPHONEOS_DEPLOYMENT_TARGET = 14.0;
				LD_RUNPATH_SEARCH_PATHS = (
					"$(inherited)",
					"@executable_path/Frameworks",
				);
				PRODUCT_BUNDLE_IDENTIFIER = com.CloudBased.Login;
				PRODUCT_NAME = "$(TARGET_NAME)";
				SWIFT_VERSION = 5.0;
				TARGETED_DEVICE_FAMILY = "1,2";
			};
			name = Release;
		};
/* End XCBuildConfiguration section */

/* Begin XCConfigurationList section */
		ED1D890F28A82CA100799AA3 /* Build configuration list for PBXProject "Login" */ = {
			isa = XCConfigurationList;
			buildConfigurations = (
				ED1D892128A82CA200799AA3 /* Debug */,
				ED1D892228A82CA200799AA3 /* Release */,
			);
			defaultConfigurationIsVisible = 0;
			defaultConfigurationName = Release;
		};
		ED1D892328A82CA200799AA3 /* Build configuration list for PBXNativeTarget "Login" */ = {
			isa = XCConfigurationList;
			buildConfigurations = (
				ED1D892428A82CA200799AA3 /* Debug */,
				ED1D892528A82CA200799AA3 /* Release */,
			);
			defaultConfigurationIsVisible = 0;
			defaultConfigurationName = Release;
		};
/* End XCConfigurationList section */

/* Begin XCRemoteSwiftPackageReference section */
		ED1D892E28A84BD800799AA3 /* XCRemoteSwiftPackageReference "firebase-ios-sdk" */ = {
			isa = XCRemoteSwiftPackageReference;
			repositoryURL = "https://github.com/firebase/firebase-ios-sdk";
			requirement = {
				kind = exactVersion;
				version = 9.3.0;
			};
		};
/* End XCRemoteSwiftPackageReference section */

/* Begin XCSwiftPackageProductDependency section */
		ED1D892F28A84BD800799AA3 /* FirebaseAnalytics */ = {
			isa = XCSwiftPackageProductDependency;
			package = ED1D892E28A84BD800799AA3 /* XCRemoteSwiftPackageReference "firebase-ios-sdk" */;
			productName = FirebaseAnalytics;
		};
		ED1D893128A84BD800799AA3 /* FirebaseAuth */ = {
			isa = XCSwiftPackageProductDependency;
			package = ED1D892E28A84BD800799AA3 /* XCRemoteSwiftPackageReference "firebase-ios-sdk" */;
			productName = FirebaseAuth;
		};
		ED1D893328A84BD800799AA3 /* FirebaseFirestore */ = {
			isa = XCSwiftPackageProductDependency;
			package = ED1D892E28A84BD800799AA3 /* XCRemoteSwiftPackageReference "firebase-ios-sdk" */;
			productName = FirebaseFirestore;
		};
		ED1D893528A84BD800799AA3 /* FirebaseAnalyticsSwift */ = {
			isa = XCSwiftPackageProductDependency;
			package = ED1D892E28A84BD800799AA3 /* XCRemoteSwiftPackageReference "firebase-ios-sdk" */;
			productName = FirebaseAnalyticsSwift;
		};
/* End XCSwiftPackageProductDependency section */
	};
	rootObject = ED1D890C28A82CA100799AA3 /* Project object */;
}
